
Microsoft Visual Studio Solution File, Format Version 12.00
# Visual Studio Version 17
VisualStudioVersion = 17.11.35222.181
MinimumVisualStudioVersion = 10.0.40219.1
Project("{FAE04EC0-301F-11D3-BF4B-00C04F79EFBC}") = "ThuyetTrinhNhom9", "ThuyetTrinhNhom9\ThuyetTrinhNhom9.csproj", "{B39998D2-C1F8-49C4-821D-F7B18655EB87}"
EndProject
Global
	GlobalSection(SolutionConfigurationPlatforms) = preSolution
		Debug|Any CPU = Debug|Any CPU
		Release|Any CPU = Release|Any CPU
	EndGlobalSection
	GlobalSection(ProjectConfigurationPlatforms) = postSolution
		{B39998D2-C1F8-49C4-821D-F7B18655EB87}.Debug|Any CPU.ActiveCfg = Debug|Any CPU
		{B39998D2-C1F8-49C4-821D-F7B18655EB87}.Debug|Any CPU.Build.0 = Debug|Any CPU
		{B39998D2-C1F8-49C4-821D-F7B18655EB87}.Release|Any CPU.ActiveCfg = Release|Any CPU
		{B39998D2-C1F8-49C4-821D-F7B18655EB87}.Release|Any CPU.Build.0 = Release|Any CPU
	EndGlobalSection
	GlobalSection(SolutionProperties) = preSolution
		HideSolutionNode = FALSE
	EndGlobalSection
	GlobalSection(ExtensibilityGlobals) = postSolution
		SolutionGuid = {751CB726-3AF4-49F6-BC5C-3D592C6BDE24}
	EndGlobalSection
EndGlobal
